PODS:
  - iOSDeviceScreenAdapter (1.0.2)
  - LookinServer (1.1.7):
    - LookinServer/Core (= 1.1.7)
  - LookinServer/Core (1.1.7)
  - Masonry (1.1.0)
  - SwiftyBeaver (1.9.5)

DEPENDENCIES:
  - iOSDeviceScreenAdapter (~> 1.0.2)
  - LookinServer
  - Masonry (~> 1.1.0)
  - SwiftyBeaver

SPEC REPOS:
  https://github.com/CocoaPods/Specs.git:
    - iOSDeviceScreenAdapter
    - Masonry
  trunk:
    - LookinServer
    - SwiftyBeaver

SPEC CHECKSUMS:
  iOSDeviceScreenAdapter: 359c45fa7398a736978d6432e2686c76f763b9a5
  LookinServer: 4ce0469b066871525611d009d8d16a7a50c23491
  Masonry: 678fab65091a9290e40e2832a55e7ab731aad201
  SwiftyBeaver: 84069991dd5dca07d7069100985badaca7f0ce82

PODFILE CHECKSUM: f3e5d17f1988c8b17c55b56e0ab14a0b39f96487

COCOAPODS: 1.11.2
