// !$*UTF8*$!
{
	archiveVersion = 1;
	classes = {
	};
	objectVersion = 46;
	objects = {

/* Begin PBXBuildFile section */
		3523972E2A3A10CA0046A201 /* QuestListViewController.swift in Sources */ = {isa = PBXBuildFile; fileRef = 3523972D2A3A10CA0046A201 /* QuestListViewController.swift */; };
		352397302A3A136D0046A201 /* Quest.swift in Sources */ = {isa = PBXBuildFile; fileRef = 3523972F2A3A136D0046A201 /* Quest.swift */; };
		352397322A3CB37A0046A201 /* QuestBriefViewController.swift in Sources */ = {isa = PBXBuildFile; fileRef = 352397312A3CB37A0046A201 /* QuestBriefViewController.swift */; };
		352397342A3D9A120046A201 /* QuestIndexViewController.swift in Sources */ = {isa = PBXBuildFile; fileRef = 352397332A3D9A120046A201 /* QuestIndexViewController.swift */; };
		35446FE72A360F0400C69143 /* Weapon.swift in Sources */ = {isa = PBXBuildFile; fileRef = 35446FE62A360F0400C69143 /* Weapon.swift */; };
		35446FE92A36129C00C69143 /* WeaponListViewController.swift in Sources */ = {isa = PBXBuildFile; fileRef = 35446FE82A36129C00C69143 /* WeaponListViewController.swift */; };
		35446FEB2A36140100C69143 /* WeaponInfoViewController.swift in Sources */ = {isa = PBXBuildFile; fileRef = 35446FEA2A36140100C69143 /* WeaponInfoViewController.swift */; };
		35978B9C2A2C84DB00327CFC /* MHPTabBarController.swift in Sources */ = {isa = PBXBuildFile; fileRef = 35978B9B2A2C84DB00327CFC /* MHPTabBarController.swift */; };
		35BCA6272201829B00721CC9 /* AboutViewController.m in Sources */ = {isa = PBXBuildFile; fileRef = 35BCA6262201829B00721CC9 /* AboutViewController.m */; };
		35C2C5C02A1107AC0029C1B3 /* SwiftyBeaverBridge.swift in Sources */ = {isa = PBXBuildFile; fileRef = 35C2C5BF2A1107AC0029C1B3 /* SwiftyBeaverBridge.swift */; };
		35C5543D2A346BA10028D11E /* CustomPlistReader.swift in Sources */ = {isa = PBXBuildFile; fileRef = 35C5543C2A346BA10028D11E /* CustomPlistReader.swift */; };
		35C554442A34755B0028D11E /* Monster.swift in Sources */ = {isa = PBXBuildFile; fileRef = 35C554432A34755B0028D11E /* Monster.swift */; };
		35C554452A349AB40028D11E /* MonsterListViewController.swift in Sources */ = {isa = PBXBuildFile; fileRef = 35C5543E2A346FD20028D11E /* MonsterListViewController.swift */; };
		35C554462A349AB90028D11E /* MonsterInfoViewController.swift in Sources */ = {isa = PBXBuildFile; fileRef = 35C5543A2A346ABA0028D11E /* MonsterInfoViewController.swift */; };
		74D5DB8C765CB8F74D0C5B39 /* libPods-MHP3RD.a in Frameworks */ = {isa = PBXBuildFile; fileRef = 0ADD17C9FAC4004BBC1536AF /* libPods-MHP3RD.a */; };
		B40F9F272000FB6700604D98 /* ProfileViewController.m in Sources */ = {isa = PBXBuildFile; fileRef = B40F9F262000FB6700604D98 /* ProfileViewController.m */; };
		B42CC25F1F3AB1E80023D05F /* CoreGraphics.framework in Frameworks */ = {isa = PBXBuildFile; fileRef = B42CC25E1F3AB1E80023D05F /* CoreGraphics.framework */; };
		B42CC2611F3AB1FC0023D05F /* libsqlite3.tbd in Frameworks */ = {isa = PBXBuildFile; fileRef = B42CC2601F3AB1FC0023D05F /* libsqlite3.tbd */; };
		B43F2C561E8B92C500E30853 /* Assets.xcassets in Resources */ = {isa = PBXBuildFile; fileRef = B43F2C551E8B92C500E30853 /* Assets.xcassets */; };
		B43F2C5B1E8BB11400E30853 /* ProfileAddViewController.m in Sources */ = {isa = PBXBuildFile; fileRef = B43F2C5A1E8BB11400E30853 /* ProfileAddViewController.m */; };
		B474AAC31E8A2DF4007CD59A /* main.m in Sources */ = {isa = PBXBuildFile; fileRef = B474AAC21E8A2DF4007CD59A /* main.m */; };
		B474AAC61E8A2DF4007CD59A /* AppDelegate.m in Sources */ = {isa = PBXBuildFile; fileRef = B474AAC51E8A2DF4007CD59A /* AppDelegate.m */; };
		B474AAD11E8A2DF4007CD59A /* LaunchScreen.storyboard in Resources */ = {isa = PBXBuildFile; fileRef = B474AACF1E8A2DF4007CD59A /* LaunchScreen.storyboard */; };
		B474AAF01E8A2F3C007CD59A /* CoreDataManager.m in Sources */ = {isa = PBXBuildFile; fileRef = B474AAD91E8A2F3C007CD59A /* CoreDataManager.m */; };
		B474AAF11E8A2F3C007CD59A /* HunterProfile.m in Sources */ = {isa = PBXBuildFile; fileRef = B474AADB1E8A2F3C007CD59A /* HunterProfile.m */; };
		B474AAF21E8A2F3C007CD59A /* HunterProfile.xcdatamodeld in Sources */ = {isa = PBXBuildFile; fileRef = B474AADC1E8A2F3C007CD59A /* HunterProfile.xcdatamodeld */; };
		B474AAF31E8A2F3C007CD59A /* Monster.plist in Resources */ = {isa = PBXBuildFile; fileRef = B474AADE1E8A2F3C007CD59A /* Monster.plist */; };
		B474AAF51E8A2F3C007CD59A /* PlistManager.m in Sources */ = {isa = PBXBuildFile; fileRef = B474AAE21E8A2F3C007CD59A /* PlistManager.m */; };
		B474AAF61E8A2F3C007CD59A /* ProfileDataAssistObject.m in Sources */ = {isa = PBXBuildFile; fileRef = B474AAE41E8A2F3C007CD59A /* ProfileDataAssistObject.m */; };
		B474AAF91E8A2F3C007CD59A /* quest.plist in Resources */ = {isa = PBXBuildFile; fileRef = B474AAEA1E8A2F3C007CD59A /* quest.plist */; };
		B474AAFA1E8A2F3C007CD59A /* QuestInfo.m in Sources */ = {isa = PBXBuildFile; fileRef = B474AAEC1E8A2F3C007CD59A /* QuestInfo.m */; };
		B474AAFB1E8A2F3C007CD59A /* weapon.plist in Resources */ = {isa = PBXBuildFile; fileRef = B474AAED1E8A2F3C007CD59A /* weapon.plist */; };
		B474AAFC1E8A2F3C007CD59A /* WeaponInfo.m in Sources */ = {isa = PBXBuildFile; fileRef = B474AAEF1E8A2F3C007CD59A /* WeaponInfo.m */; };
		B474AB081E8A2FE0007CD59A /* Communicator.m in Sources */ = {isa = PBXBuildFile; fileRef = B474AB071E8A2FE0007CD59A /* Communicator.m */; };
		B474AB2A1E8A3009007CD59A /* OLDAboutViewController.m in Sources */ = {isa = PBXBuildFile; fileRef = B474AB0D1E8A3009007CD59A /* OLDAboutViewController.m */; };
		B474AB2D1E8A3009007CD59A /* ArmouryViewController.m in Sources */ = {isa = PBXBuildFile; fileRef = B474AB141E8A3009007CD59A /* ArmouryViewController.m */; };
		B474AB2E1E8A3009007CD59A /* WeaponDetailViewViewController.m in Sources */ = {isa = PBXBuildFile; fileRef = B474AB161E8A3009007CD59A /* WeaponDetailViewViewController.m */; };
		B474AB2F1E8A3009007CD59A /* MapDetailViewController.m in Sources */ = {isa = PBXBuildFile; fileRef = B474AB191E8A3009007CD59A /* MapDetailViewController.m */; };
		B474AB301E8A3009007CD59A /* MapScrollerViewController.m in Sources */ = {isa = PBXBuildFile; fileRef = B474AB1B1E8A3009007CD59A /* MapScrollerViewController.m */; };
		B474AB341E8A3009007CD59A /* MoreDetailViewController.m in Sources */ = {isa = PBXBuildFile; fileRef = B474AB251E8A3009007CD59A /* MoreDetailViewController.m */; };
		B474AB351E8A3009007CD59A /* QuestDetailTableViewController.m in Sources */ = {isa = PBXBuildFile; fileRef = B474AB271E8A3009007CD59A /* QuestDetailTableViewController.m */; };
		B474AB361E8A3009007CD59A /* QuestViewController.m in Sources */ = {isa = PBXBuildFile; fileRef = B474AB291E8A3009007CD59A /* QuestViewController.m */; };
		B48761D11F6B69EC00174FEA /* WebViewController.m in Sources */ = {isa = PBXBuildFile; fileRef = B48761D01F6B69EC00174FEA /* WebViewController.m */; };
		B4EEE0AB1E8E587A00B63A01 /* MapKit.framework in Frameworks */ = {isa = PBXBuildFile; fileRef = B4EEE0AA1E8E587A00B63A01 /* MapKit.framework */; };
		B4EEE0AD1E94D30F00B63A01 /* guildlow.plist in Resources */ = {isa = PBXBuildFile; fileRef = B4EEE0AC1E94D30F00B63A01 /* guildlow.plist */; };
		B4EEE0AF1E94D32800B63A01 /* guildhigh.plist in Resources */ = {isa = PBXBuildFile; fileRef = B4EEE0AE1E94D32800B63A01 /* guildhigh.plist */; };
		B4EEE0BA1E9E0DD400B63A01 /* HP+CoreDataClass.m in Sources */ = {isa = PBXBuildFile; fileRef = B4EEE0B71E9E0DD400B63A01 /* HP+CoreDataClass.m */; };
		B4EEE0BB1E9E0DD400B63A01 /* HP+CoreDataProperties.m in Sources */ = {isa = PBXBuildFile; fileRef = B4EEE0B91E9E0DD400B63A01 /* HP+CoreDataProperties.m */; };
/* End PBXBuildFile section */

/* Begin PBXFileReference section */
		0ADD17C9FAC4004BBC1536AF /* libPods-MHP3RD.a */ = {isa = PBXFileReference; explicitFileType = archive.ar; includeInIndex = 0; path = "libPods-MHP3RD.a"; sourceTree = BUILT_PRODUCTS_DIR; };
		2CE3095C400AD09B73B0B646 /* Pods-MHP3RD.release.xcconfig */ = {isa = PBXFileReference; includeInIndex = 1; lastKnownFileType = text.xcconfig; name = "Pods-MHP3RD.release.xcconfig"; path = "Target Support Files/Pods-MHP3RD/Pods-MHP3RD.release.xcconfig"; sourceTree = "<group>"; };
		3523972D2A3A10CA0046A201 /* QuestListViewController.swift */ = {isa = PBXFileReference; lastKnownFileType = sourcecode.swift; path = QuestListViewController.swift; sourceTree = "<group>"; };
		3523972F2A3A136D0046A201 /* Quest.swift */ = {isa = PBXFileReference; lastKnownFileType = sourcecode.swift; path = Quest.swift; sourceTree = "<group>"; };
		352397312A3CB37A0046A201 /* QuestBriefViewController.swift */ = {isa = PBXFileReference; lastKnownFileType = sourcecode.swift; path = QuestBriefViewController.swift; sourceTree = "<group>"; };
		352397332A3D9A120046A201 /* QuestIndexViewController.swift */ = {isa = PBXFileReference; lastKnownFileType = sourcecode.swift; path = QuestIndexViewController.swift; sourceTree = "<group>"; };
		35446FE62A360F0400C69143 /* Weapon.swift */ = {isa = PBXFileReference; lastKnownFileType = sourcecode.swift; path = Weapon.swift; sourceTree = "<group>"; };
		35446FE82A36129C00C69143 /* WeaponListViewController.swift */ = {isa = PBXFileReference; lastKnownFileType = sourcecode.swift; path = WeaponListViewController.swift; sourceTree = "<group>"; };
		35446FEA2A36140100C69143 /* WeaponInfoViewController.swift */ = {isa = PBXFileReference; lastKnownFileType = sourcecode.swift; path = WeaponInfoViewController.swift; sourceTree = "<group>"; };
		35978B9B2A2C84DB00327CFC /* MHPTabBarController.swift */ = {isa = PBXFileReference; lastKnownFileType = sourcecode.swift; path = MHPTabBarController.swift; sourceTree = "<group>"; };
		35BCA6252201829B00721CC9 /* AboutViewController.h */ = {isa = PBXFileReference; lastKnownFileType = sourcecode.c.h; path = AboutViewController.h; sourceTree = "<group>"; };
		35BCA6262201829B00721CC9 /* AboutViewController.m */ = {isa = PBXFileReference; lastKnownFileType = sourcecode.c.objc; path = AboutViewController.m; sourceTree = "<group>"; };
		35C2C5BE2A1107AC0029C1B3 /* MHP3RD-Bridging-Header.h */ = {isa = PBXFileReference; lastKnownFileType = sourcecode.c.h; path = "MHP3RD-Bridging-Header.h"; sourceTree = "<group>"; };
		35C2C5BF2A1107AC0029C1B3 /* SwiftyBeaverBridge.swift */ = {isa = PBXFileReference; lastKnownFileType = sourcecode.swift; name = SwiftyBeaverBridge.swift; path = addon/SwiftyBeaverBridge.swift; sourceTree = "<group>"; };
		35C2C5C12A110DAB0029C1B3 /* MHPLogger.h */ = {isa = PBXFileReference; lastKnownFileType = sourcecode.c.h; path = MHPLogger.h; sourceTree = "<group>"; };
		35C5543A2A346ABA0028D11E /* MonsterInfoViewController.swift */ = {isa = PBXFileReference; lastKnownFileType = sourcecode.swift; path = MonsterInfoViewController.swift; sourceTree = "<group>"; };
		35C5543C2A346BA10028D11E /* CustomPlistReader.swift */ = {isa = PBXFileReference; lastKnownFileType = sourcecode.swift; path = CustomPlistReader.swift; sourceTree = "<group>"; };
		35C5543E2A346FD20028D11E /* MonsterListViewController.swift */ = {isa = PBXFileReference; lastKnownFileType = sourcecode.swift; path = MonsterListViewController.swift; sourceTree = "<group>"; };
		35C554432A34755B0028D11E /* Monster.swift */ = {isa = PBXFileReference; fileEncoding = 4; lastKnownFileType = sourcecode.swift; path = Monster.swift; sourceTree = "<group>"; };
		5EA6B0E79FCCDD49F63A9D77 /* Pods-MHP3RD.debug.xcconfig */ = {isa = PBXFileReference; includeInIndex = 1; lastKnownFileType = text.xcconfig; name = "Pods-MHP3RD.debug.xcconfig"; path = "Target Support Files/Pods-MHP3RD/Pods-MHP3RD.debug.xcconfig"; sourceTree = "<group>"; };
		B40BB4FF1FD4E95C00EBF57D /* AVFoundation.framework */ = {isa = PBXFileReference; lastKnownFileType = wrapper.framework; name = AVFoundation.framework; path = System/Library/Frameworks/AVFoundation.framework; sourceTree = SDKROOT; };
		B40BB5001FD4E9A700EBF57D /* AVKit.framework */ = {isa = PBXFileReference; lastKnownFileType = wrapper.framework; name = AVKit.framework; path = System/Library/Frameworks/AVKit.framework; sourceTree = SDKROOT; };
		B40F9F221FFF74CB00604D98 /* MHPDefinition.h */ = {isa = PBXFileReference; lastKnownFileType = sourcecode.c.h; path = MHPDefinition.h; sourceTree = "<group>"; };
		B40F9F251FFF763100604D98 /* PrefixHeader.pch */ = {isa = PBXFileReference; lastKnownFileType = sourcecode.c.h; path = PrefixHeader.pch; sourceTree = "<group>"; };
		B40F9F262000FB6700604D98 /* ProfileViewController.m */ = {isa = PBXFileReference; fileEncoding = 4; lastKnownFileType = sourcecode.c.objc; path = ProfileViewController.m; sourceTree = "<group>"; };
		B42CC25E1F3AB1E80023D05F /* CoreGraphics.framework */ = {isa = PBXFileReference; lastKnownFileType = wrapper.framework; name = CoreGraphics.framework; path = System/Library/Frameworks/CoreGraphics.framework; sourceTree = SDKROOT; };
		B42CC2601F3AB1FC0023D05F /* libsqlite3.tbd */ = {isa = PBXFileReference; lastKnownFileType = "sourcecode.text-based-dylib-definition"; name = libsqlite3.tbd; path = usr/lib/libsqlite3.tbd; sourceTree = SDKROOT; };
		B43F2C551E8B92C500E30853 /* Assets.xcassets */ = {isa = PBXFileReference; lastKnownFileType = folder.assetcatalog; path = Assets.xcassets; sourceTree = "<group>"; };
		B43F2C591E8BB11400E30853 /* ProfileAddViewController.h */ = {isa = PBXFileReference; fileEncoding = 4; lastKnownFileType = sourcecode.c.h; path = ProfileAddViewController.h; sourceTree = "<group>"; };
		B43F2C5A1E8BB11400E30853 /* ProfileAddViewController.m */ = {isa = PBXFileReference; fileEncoding = 4; lastKnownFileType = sourcecode.c.objc; path = ProfileAddViewController.m; sourceTree = "<group>"; };
		B474AABE1E8A2DF4007CD59A /* MHP3RD.app */ = {isa = PBXFileReference; explicitFileType = wrapper.application; includeInIndex = 0; path = MHP3RD.app; sourceTree = BUILT_PRODUCTS_DIR; };
		B474AAC21E8A2DF4007CD59A /* main.m */ = {isa = PBXFileReference; lastKnownFileType = sourcecode.c.objc; path = main.m; sourceTree = "<group>"; };
		B474AAC41E8A2DF4007CD59A /* AppDelegate.h */ = {isa = PBXFileReference; lastKnownFileType = sourcecode.c.h; path = AppDelegate.h; sourceTree = "<group>"; };
		B474AAC51E8A2DF4007CD59A /* AppDelegate.m */ = {isa = PBXFileReference; lastKnownFileType = sourcecode.c.objc; path = AppDelegate.m; sourceTree = "<group>"; };
		B474AAD01E8A2DF4007CD59A /* Base */ = {isa = PBXFileReference; lastKnownFileType = file.storyboard; name = Base; path = Base.lproj/LaunchScreen.storyboard; sourceTree = "<group>"; };
		B474AAD21E8A2DF4007CD59A /* Info.plist */ = {isa = PBXFileReference; lastKnownFileType = text.plist.xml; path = Info.plist; sourceTree = "<group>"; };
		B474AAD81E8A2F3C007CD59A /* CoreDataManager.h */ = {isa = PBXFileReference; fileEncoding = 4; lastKnownFileType = sourcecode.c.h; name = CoreDataManager.h; path = DataBaseDao/CoreDataManager.h; sourceTree = "<group>"; };
		B474AAD91E8A2F3C007CD59A /* CoreDataManager.m */ = {isa = PBXFileReference; fileEncoding = 4; lastKnownFileType = sourcecode.c.objc; name = CoreDataManager.m; path = DataBaseDao/CoreDataManager.m; sourceTree = "<group>"; };
		B474AADA1E8A2F3C007CD59A /* HunterProfile.h */ = {isa = PBXFileReference; fileEncoding = 4; lastKnownFileType = sourcecode.c.h; name = HunterProfile.h; path = DataBaseDao/HunterProfile.h; sourceTree = "<group>"; };
		B474AADB1E8A2F3C007CD59A /* HunterProfile.m */ = {isa = PBXFileReference; fileEncoding = 4; lastKnownFileType = sourcecode.c.objc; name = HunterProfile.m; path = DataBaseDao/HunterProfile.m; sourceTree = "<group>"; };
		B474AADD1E8A2F3C007CD59A /* HunterProfile.xcdatamodel */ = {isa = PBXFileReference; lastKnownFileType = wrapper.xcdatamodel; path = HunterProfile.xcdatamodel; sourceTree = "<group>"; };
		B474AADE1E8A2F3C007CD59A /* Monster.plist */ = {isa = PBXFileReference; fileEncoding = 4; lastKnownFileType = text.plist.xml; name = Monster.plist; path = DataBaseDao/Monster.plist; sourceTree = "<group>"; };
		B474AAE11E8A2F3C007CD59A /* PlistManager.h */ = {isa = PBXFileReference; fileEncoding = 4; lastKnownFileType = sourcecode.c.h; name = PlistManager.h; path = DataBaseDao/PlistManager.h; sourceTree = "<group>"; };
		B474AAE21E8A2F3C007CD59A /* PlistManager.m */ = {isa = PBXFileReference; fileEncoding = 4; lastKnownFileType = sourcecode.c.objc; name = PlistManager.m; path = DataBaseDao/PlistManager.m; sourceTree = "<group>"; };
		B474AAE31E8A2F3C007CD59A /* ProfileDataAssistObject.h */ = {isa = PBXFileReference; fileEncoding = 4; lastKnownFileType = sourcecode.c.h; name = ProfileDataAssistObject.h; path = DataBaseDao/ProfileDataAssistObject.h; sourceTree = "<group>"; };
		B474AAE41E8A2F3C007CD59A /* ProfileDataAssistObject.m */ = {isa = PBXFileReference; fileEncoding = 4; lastKnownFileType = sourcecode.c.objc; name = ProfileDataAssistObject.m; path = DataBaseDao/ProfileDataAssistObject.m; sourceTree = "<group>"; };
		B474AAEA1E8A2F3C007CD59A /* quest.plist */ = {isa = PBXFileReference; fileEncoding = 4; lastKnownFileType = text.plist.xml; name = quest.plist; path = DataBaseDao/quest.plist; sourceTree = "<group>"; };
		B474AAEB1E8A2F3C007CD59A /* QuestInfo.h */ = {isa = PBXFileReference; fileEncoding = 4; lastKnownFileType = sourcecode.c.h; name = QuestInfo.h; path = DataBaseDao/QuestInfo.h; sourceTree = "<group>"; };
		B474AAEC1E8A2F3C007CD59A /* QuestInfo.m */ = {isa = PBXFileReference; fileEncoding = 4; lastKnownFileType = sourcecode.c.objc; name = QuestInfo.m; path = DataBaseDao/QuestInfo.m; sourceTree = "<group>"; };
		B474AAED1E8A2F3C007CD59A /* weapon.plist */ = {isa = PBXFileReference; fileEncoding = 4; lastKnownFileType = text.plist.xml; name = weapon.plist; path = DataBaseDao/weapon.plist; sourceTree = "<group>"; };
		B474AAEE1E8A2F3C007CD59A /* WeaponInfo.h */ = {isa = PBXFileReference; fileEncoding = 4; lastKnownFileType = sourcecode.c.h; name = WeaponInfo.h; path = DataBaseDao/WeaponInfo.h; sourceTree = "<group>"; };
		B474AAEF1E8A2F3C007CD59A /* WeaponInfo.m */ = {isa = PBXFileReference; fileEncoding = 4; lastKnownFileType = sourcecode.c.objc; name = WeaponInfo.m; path = DataBaseDao/WeaponInfo.m; sourceTree = "<group>"; };
		B474AB061E8A2FE0007CD59A /* Communicator.h */ = {isa = PBXFileReference; fileEncoding = 4; lastKnownFileType = sourcecode.c.h; name = Communicator.h; path = BussinessLayer/Communicator.h; sourceTree = "<group>"; };
		B474AB071E8A2FE0007CD59A /* Communicator.m */ = {isa = PBXFileReference; fileEncoding = 4; lastKnownFileType = sourcecode.c.objc; name = Communicator.m; path = BussinessLayer/Communicator.m; sourceTree = "<group>"; };
		B474AB0C1E8A3009007CD59A /* OLDAboutViewController.h */ = {isa = PBXFileReference; fileEncoding = 4; lastKnownFileType = sourcecode.c.h; path = OLDAboutViewController.h; sourceTree = "<group>"; };
		B474AB0D1E8A3009007CD59A /* OLDAboutViewController.m */ = {isa = PBXFileReference; fileEncoding = 4; lastKnownFileType = sourcecode.c.objc; path = OLDAboutViewController.m; sourceTree = "<group>"; };
		B474AB131E8A3009007CD59A /* ArmouryViewController.h */ = {isa = PBXFileReference; fileEncoding = 4; lastKnownFileType = sourcecode.c.h; path = ArmouryViewController.h; sourceTree = "<group>"; };
		B474AB141E8A3009007CD59A /* ArmouryViewController.m */ = {isa = PBXFileReference; fileEncoding = 4; lastKnownFileType = sourcecode.c.objc; path = ArmouryViewController.m; sourceTree = "<group>"; };
		B474AB151E8A3009007CD59A /* WeaponDetailViewViewController.h */ = {isa = PBXFileReference; fileEncoding = 4; lastKnownFileType = sourcecode.c.h; path = WeaponDetailViewViewController.h; sourceTree = "<group>"; };
		B474AB161E8A3009007CD59A /* WeaponDetailViewViewController.m */ = {isa = PBXFileReference; fileEncoding = 4; lastKnownFileType = sourcecode.c.objc; path = WeaponDetailViewViewController.m; sourceTree = "<group>"; };
		B474AB181E8A3009007CD59A /* MapDetailViewController.h */ = {isa = PBXFileReference; fileEncoding = 4; lastKnownFileType = sourcecode.c.h; path = MapDetailViewController.h; sourceTree = "<group>"; };
		B474AB191E8A3009007CD59A /* MapDetailViewController.m */ = {isa = PBXFileReference; fileEncoding = 4; lastKnownFileType = sourcecode.c.objc; path = MapDetailViewController.m; sourceTree = "<group>"; };
		B474AB1A1E8A3009007CD59A /* MapScrollerViewController.h */ = {isa = PBXFileReference; fileEncoding = 4; lastKnownFileType = sourcecode.c.h; path = MapScrollerViewController.h; sourceTree = "<group>"; };
		B474AB1B1E8A3009007CD59A /* MapScrollerViewController.m */ = {isa = PBXFileReference; fileEncoding = 4; lastKnownFileType = sourcecode.c.objc; path = MapScrollerViewController.m; sourceTree = "<group>"; };
		B474AB241E8A3009007CD59A /* MoreDetailViewController.h */ = {isa = PBXFileReference; fileEncoding = 4; lastKnownFileType = sourcecode.c.h; path = MoreDetailViewController.h; sourceTree = "<group>"; };
		B474AB251E8A3009007CD59A /* MoreDetailViewController.m */ = {isa = PBXFileReference; fileEncoding = 4; lastKnownFileType = sourcecode.c.objc; path = MoreDetailViewController.m; sourceTree = "<group>"; };
		B474AB261E8A3009007CD59A /* QuestDetailTableViewController.h */ = {isa = PBXFileReference; fileEncoding = 4; lastKnownFileType = sourcecode.c.h; path = QuestDetailTableViewController.h; sourceTree = "<group>"; };
		B474AB271E8A3009007CD59A /* QuestDetailTableViewController.m */ = {isa = PBXFileReference; fileEncoding = 4; lastKnownFileType = sourcecode.c.objc; path = QuestDetailTableViewController.m; sourceTree = "<group>"; };
		B474AB281E8A3009007CD59A /* QuestViewController.h */ = {isa = PBXFileReference; fileEncoding = 4; lastKnownFileType = sourcecode.c.h; path = QuestViewController.h; sourceTree = "<group>"; };
		B474AB291E8A3009007CD59A /* QuestViewController.m */ = {isa = PBXFileReference; fileEncoding = 4; lastKnownFileType = sourcecode.c.objc; path = QuestViewController.m; sourceTree = "<group>"; };
		B48761CF1F6B69EC00174FEA /* WebViewController.h */ = {isa = PBXFileReference; fileEncoding = 4; lastKnownFileType = sourcecode.c.h; path = WebViewController.h; sourceTree = "<group>"; };
		B48761D01F6B69EC00174FEA /* WebViewController.m */ = {isa = PBXFileReference; fileEncoding = 4; lastKnownFileType = sourcecode.c.objc; path = WebViewController.m; sourceTree = "<group>"; };
		B4EEE0AA1E8E587A00B63A01 /* MapKit.framework */ = {isa = PBXFileReference; lastKnownFileType = wrapper.framework; name = MapKit.framework; path = System/Library/Frameworks/MapKit.framework; sourceTree = SDKROOT; };
		B4EEE0AC1E94D30F00B63A01 /* guildlow.plist */ = {isa = PBXFileReference; fileEncoding = 4; lastKnownFileType = text.plist.xml; name = guildlow.plist; path = DataBaseDao/guildlow.plist; sourceTree = "<group>"; };
		B4EEE0AE1E94D32800B63A01 /* guildhigh.plist */ = {isa = PBXFileReference; fileEncoding = 4; lastKnownFileType = text.plist.xml; name = guildhigh.plist; path = DataBaseDao/guildhigh.plist; sourceTree = "<group>"; };
		B4EEE0B01E9C739300B63A01 /* ProfileViewController.h */ = {isa = PBXFileReference; fileEncoding = 4; lastKnownFileType = sourcecode.c.h; path = ProfileViewController.h; sourceTree = "<group>"; };
		B4EEE0B61E9E0DD400B63A01 /* HP+CoreDataClass.h */ = {isa = PBXFileReference; fileEncoding = 4; lastKnownFileType = sourcecode.c.h; path = "HP+CoreDataClass.h"; sourceTree = "<group>"; };
		B4EEE0B71E9E0DD400B63A01 /* HP+CoreDataClass.m */ = {isa = PBXFileReference; fileEncoding = 4; lastKnownFileType = sourcecode.c.objc; path = "HP+CoreDataClass.m"; sourceTree = "<group>"; };
		B4EEE0B81E9E0DD400B63A01 /* HP+CoreDataProperties.h */ = {isa = PBXFileReference; fileEncoding = 4; lastKnownFileType = sourcecode.c.h; path = "HP+CoreDataProperties.h"; sourceTree = "<group>"; };
		B4EEE0B91E9E0DD400B63A01 /* HP+CoreDataProperties.m */ = {isa = PBXFileReference; fileEncoding = 4; lastKnownFileType = sourcecode.c.objc; path = "HP+CoreDataProperties.m"; sourceTree = "<group>"; };
/* End PBXFileReference section */

/* Begin PBXFrameworksBuildPhase section */
		B474AABB1E8A2DF4007CD59A /* Frameworks */ = {
			isa = PBXFrameworksBuildPhase;
			buildActionMask = 2147483647;
			files = (
				B42CC2611F3AB1FC0023D05F /* libsqlite3.tbd in Frameworks */,
				B42CC25F1F3AB1E80023D05F /* CoreGraphics.framework in Frameworks */,
				B4EEE0AB1E8E587A00B63A01 /* MapKit.framework in Frameworks */,
				74D5DB8C765CB8F74D0C5B39 /* libPods-MHP3RD.a in Frameworks */,
			);
			runOnlyForDeploymentPostprocessing = 0;
		};
/* End PBXFrameworksBuildPhase section */

/* Begin PBXGroup section */
		35978B9D2A2C84E200327CFC /* tabbar */ = {
			isa = PBXGroup;
			children = (
				35978B9B2A2C84DB00327CFC /* MHPTabBarController.swift */,
			);
			path = tabbar;
			sourceTree = "<group>";
		};
		35C554422A3475170028D11E /* Recovered References */ = {
			isa = PBXGroup;
			children = (
			);
			name = "Recovered References";
			sourceTree = "<group>";
		};
		7A2F0F109CB8CE6E34DEE537 /* Pods */ = {
			isa = PBXGroup;
			children = (
				5EA6B0E79FCCDD49F63A9D77 /* Pods-MHP3RD.debug.xcconfig */,
				2CE3095C400AD09B73B0B646 /* Pods-MHP3RD.release.xcconfig */,
			);
			path = Pods;
			sourceTree = "<group>";
		};
		B474AAB51E8A2DF4007CD59A = {
			isa = PBXGroup;
			children = (
				B474AAC01E8A2DF4007CD59A /* MHP3RD */,
				B474AABF1E8A2DF4007CD59A /* Products */,
				B4EEE0A91E8E587A00B63A01 /* Frameworks */,
				7A2F0F109CB8CE6E34DEE537 /* Pods */,
				35C554422A3475170028D11E /* Recovered References */,
			);
			sourceTree = "<group>";
		};
		B474AABF1E8A2DF4007CD59A /* Products */ = {
			isa = PBXGroup;
			children = (
				B474AABE1E8A2DF4007CD59A /* MHP3RD.app */,
			);
			name = Products;
			sourceTree = "<group>";
		};
		B474AAC01E8A2DF4007CD59A /* MHP3RD */ = {
			isa = PBXGroup;
			children = (
				B474AAC41E8A2DF4007CD59A /* AppDelegate.h */,
				B474AAC51E8A2DF4007CD59A /* AppDelegate.m */,
				B40F9F221FFF74CB00604D98 /* MHPDefinition.h */,
				B40F9F251FFF763100604D98 /* PrefixHeader.pch */,
				35C2C5C12A110DAB0029C1B3 /* MHPLogger.h */,
				B474AACF1E8A2DF4007CD59A /* LaunchScreen.storyboard */,
				B474AAD21E8A2DF4007CD59A /* Info.plist */,
				B43F2C551E8B92C500E30853 /* Assets.xcassets */,
				35C2C5BF2A1107AC0029C1B3 /* SwiftyBeaverBridge.swift */,
				B474AB0A1E8A3009007CD59A /* views */,
				B474AB091E8A2FE5007CD59A /* Communicator */,
				B474AAFD1E8A2F52007CD59A /* DataBaseDao */,
				B474AAC11E8A2DF4007CD59A /* Supporting Files */,
				35C2C5BE2A1107AC0029C1B3 /* MHP3RD-Bridging-Header.h */,
			);
			path = MHP3RD;
			sourceTree = "<group>";
		};
		B474AAC11E8A2DF4007CD59A /* Supporting Files */ = {
			isa = PBXGroup;
			children = (
				B474AAC21E8A2DF4007CD59A /* main.m */,
			);
			name = "Supporting Files";
			sourceTree = "<group>";
		};
		B474AAE51E8A2F3C007CD59A /* propertyDataClass */ = {
			isa = PBXGroup;
			children = (
				B4EEE0B61E9E0DD400B63A01 /* HP+CoreDataClass.h */,
				B4EEE0B71E9E0DD400B63A01 /* HP+CoreDataClass.m */,
				B4EEE0B81E9E0DD400B63A01 /* HP+CoreDataProperties.h */,
				B4EEE0B91E9E0DD400B63A01 /* HP+CoreDataProperties.m */,
			);
			name = propertyDataClass;
			path = DataBaseDao/propertyDataClass;
			sourceTree = "<group>";
		};
		B474AAFD1E8A2F52007CD59A /* DataBaseDao */ = {
			isa = PBXGroup;
			children = (
				B474AAFE1E8A2F60007CD59A /* CoreDataManager */,
				B474AB051E8A2FC0007CD59A /* UnitClass */,
				B474AB011E8A2F95007CD59A /* PlistManager */,
				B474AB021E8A2F9B007CD59A /* ProfileDataAssistObject */,
				B474AAE51E8A2F3C007CD59A /* propertyDataClass */,
			);
			name = DataBaseDao;
			sourceTree = "<group>";
		};
		B474AAFE1E8A2F60007CD59A /* CoreDataManager */ = {
			isa = PBXGroup;
			children = (
				B474AAD81E8A2F3C007CD59A /* CoreDataManager.h */,
				B474AAD91E8A2F3C007CD59A /* CoreDataManager.m */,
			);
			name = CoreDataManager;
			sourceTree = "<group>";
		};
		B474AAFF1E8A2F6B007CD59A /* HunterProfile */ = {
			isa = PBXGroup;
			children = (
				B474AADC1E8A2F3C007CD59A /* HunterProfile.xcdatamodeld */,
				B474AADA1E8A2F3C007CD59A /* HunterProfile.h */,
				B474AADB1E8A2F3C007CD59A /* HunterProfile.m */,
			);
			name = HunterProfile;
			sourceTree = "<group>";
		};
		B474AB001E8A2F86007CD59A /* MonsterInfo */ = {
			isa = PBXGroup;
			children = (
				B474AADE1E8A2F3C007CD59A /* Monster.plist */,
			);
			name = MonsterInfo;
			sourceTree = "<group>";
		};
		B474AB011E8A2F95007CD59A /* PlistManager */ = {
			isa = PBXGroup;
			children = (
				B474AAE11E8A2F3C007CD59A /* PlistManager.h */,
				B474AAE21E8A2F3C007CD59A /* PlistManager.m */,
				35C5543C2A346BA10028D11E /* CustomPlistReader.swift */,
			);
			name = PlistManager;
			sourceTree = "<group>";
		};
		B474AB021E8A2F9B007CD59A /* ProfileDataAssistObject */ = {
			isa = PBXGroup;
			children = (
				B474AAE31E8A2F3C007CD59A /* ProfileDataAssistObject.h */,
				B474AAE41E8A2F3C007CD59A /* ProfileDataAssistObject.m */,
			);
			name = ProfileDataAssistObject;
			sourceTree = "<group>";
		};
		B474AB031E8A2FAA007CD59A /* QuestInfo */ = {
			isa = PBXGroup;
			children = (
				B474AAEA1E8A2F3C007CD59A /* quest.plist */,
				B4EEE0AC1E94D30F00B63A01 /* guildlow.plist */,
				B4EEE0AE1E94D32800B63A01 /* guildhigh.plist */,
				B474AAEB1E8A2F3C007CD59A /* QuestInfo.h */,
				B474AAEC1E8A2F3C007CD59A /* QuestInfo.m */,
			);
			name = QuestInfo;
			sourceTree = "<group>";
		};
		B474AB041E8A2FB2007CD59A /* WeaponInfo */ = {
			isa = PBXGroup;
			children = (
				B474AAED1E8A2F3C007CD59A /* weapon.plist */,
				B474AAEE1E8A2F3C007CD59A /* WeaponInfo.h */,
				B474AAEF1E8A2F3C007CD59A /* WeaponInfo.m */,
			);
			name = WeaponInfo;
			sourceTree = "<group>";
		};
		B474AB051E8A2FC0007CD59A /* UnitClass */ = {
			isa = PBXGroup;
			children = (
				B474AAFF1E8A2F6B007CD59A /* HunterProfile */,
				B474AB001E8A2F86007CD59A /* MonsterInfo */,
				B474AB031E8A2FAA007CD59A /* QuestInfo */,
				B474AB041E8A2FB2007CD59A /* WeaponInfo */,
			);
			name = UnitClass;
			sourceTree = "<group>";
		};
		B474AB091E8A2FE5007CD59A /* Communicator */ = {
			isa = PBXGroup;
			children = (
				B474AB061E8A2FE0007CD59A /* Communicator.h */,
				B474AB071E8A2FE0007CD59A /* Communicator.m */,
			);
			name = Communicator;
			sourceTree = "<group>";
		};
		B474AB0A1E8A3009007CD59A /* views */ = {
			isa = PBXGroup;
			children = (
				B474AB0B1E8A3009007CD59A /* about */,
				B474AB121E8A3009007CD59A /* armoury */,
				B474AB171E8A3009007CD59A /* map */,
				B474AB1E1E8A3009007CD59A /* monster */,
				B474AB231E8A3009007CD59A /* quest */,
				35978B9D2A2C84E200327CFC /* tabbar */,
			);
			path = views;
			sourceTree = "<group>";
		};
		B474AB0B1E8A3009007CD59A /* about */ = {
			isa = PBXGroup;
			children = (
				B474AB0C1E8A3009007CD59A /* OLDAboutViewController.h */,
				B474AB0D1E8A3009007CD59A /* OLDAboutViewController.m */,
				35BCA6252201829B00721CC9 /* AboutViewController.h */,
				35BCA6262201829B00721CC9 /* AboutViewController.m */,
				B48761CF1F6B69EC00174FEA /* WebViewController.h */,
				B48761D01F6B69EC00174FEA /* WebViewController.m */,
				B4EEE0B01E9C739300B63A01 /* ProfileViewController.h */,
				B40F9F262000FB6700604D98 /* ProfileViewController.m */,
				B43F2C591E8BB11400E30853 /* ProfileAddViewController.h */,
				B43F2C5A1E8BB11400E30853 /* ProfileAddViewController.m */,
			);
			path = about;
			sourceTree = "<group>";
		};
		B474AB121E8A3009007CD59A /* armoury */ = {
			isa = PBXGroup;
			children = (
				B474AB131E8A3009007CD59A /* ArmouryViewController.h */,
				B474AB141E8A3009007CD59A /* ArmouryViewController.m */,
				B474AB151E8A3009007CD59A /* WeaponDetailViewViewController.h */,
				B474AB161E8A3009007CD59A /* WeaponDetailViewViewController.m */,
				35446FE62A360F0400C69143 /* Weapon.swift */,
				35446FE82A36129C00C69143 /* WeaponListViewController.swift */,
				35446FEA2A36140100C69143 /* WeaponInfoViewController.swift */,
			);
			path = armoury;
			sourceTree = "<group>";
		};
		B474AB171E8A3009007CD59A /* map */ = {
			isa = PBXGroup;
			children = (
				B474AB181E8A3009007CD59A /* MapDetailViewController.h */,
				B474AB191E8A3009007CD59A /* MapDetailViewController.m */,
				B474AB1A1E8A3009007CD59A /* MapScrollerViewController.h */,
				B474AB1B1E8A3009007CD59A /* MapScrollerViewController.m */,
			);
			path = map;
			sourceTree = "<group>";
		};
		B474AB1E1E8A3009007CD59A /* monster */ = {
			isa = PBXGroup;
			children = (
				35C5543A2A346ABA0028D11E /* MonsterInfoViewController.swift */,
				35C5543E2A346FD20028D11E /* MonsterListViewController.swift */,
				35C554432A34755B0028D11E /* Monster.swift */,
			);
			path = monster;
			sourceTree = "<group>";
		};
		B474AB231E8A3009007CD59A /* quest */ = {
			isa = PBXGroup;
			children = (
				352397332A3D9A120046A201 /* QuestIndexViewController.swift */,
				3523972D2A3A10CA0046A201 /* QuestListViewController.swift */,
				352397312A3CB37A0046A201 /* QuestBriefViewController.swift */,
				3523972F2A3A136D0046A201 /* Quest.swift */,
				B474AB241E8A3009007CD59A /* MoreDetailViewController.h */,
				B474AB251E8A3009007CD59A /* MoreDetailViewController.m */,
				B474AB261E8A3009007CD59A /* QuestDetailTableViewController.h */,
				B474AB271E8A3009007CD59A /* QuestDetailTableViewController.m */,
				B474AB281E8A3009007CD59A /* QuestViewController.h */,
				B474AB291E8A3009007CD59A /* QuestViewController.m */,
			);
			path = quest;
			sourceTree = "<group>";
		};
		B4EEE0A91E8E587A00B63A01 /* Frameworks */ = {
			isa = PBXGroup;
			children = (
				B40BB5001FD4E9A700EBF57D /* AVKit.framework */,
				B40BB4FF1FD4E95C00EBF57D /* AVFoundation.framework */,
				B42CC2601F3AB1FC0023D05F /* libsqlite3.tbd */,
				B42CC25E1F3AB1E80023D05F /* CoreGraphics.framework */,
				B4EEE0AA1E8E587A00B63A01 /* MapKit.framework */,
				0ADD17C9FAC4004BBC1536AF /* libPods-MHP3RD.a */,
			);
			name = Frameworks;
			sourceTree = "<group>";
		};
/* End PBXGroup section */

/* Begin PBXNativeTarget section */
		B474AABD1E8A2DF4007CD59A /* MHP3RD */ = {
			isa = PBXNativeTarget;
			buildConfigurationList = B474AAD51E8A2DF4007CD59A /* Build configuration list for PBXNativeTarget "MHP3RD" */;
			buildPhases = (
				478E8770E06A55255F9030B2 /* [CP] Check Pods Manifest.lock */,
				B474AABA1E8A2DF4007CD59A /* Sources */,
				B474AABB1E8A2DF4007CD59A /* Frameworks */,
				B474AABC1E8A2DF4007CD59A /* Resources */,
			);
			buildRules = (
			);
			dependencies = (
			);
			name = MHP3RD;
			productName = MHP3RD;
			productReference = B474AABE1E8A2DF4007CD59A /* MHP3RD.app */;
			productType = "com.apple.product-type.application";
		};
/* End PBXNativeTarget section */

/* Begin PBXProject section */
		B474AAB61E8A2DF4007CD59A /* Project object */ = {
			isa = PBXProject;
			attributes = {
				DefaultBuildSystemTypeForWorkspace = Original;
				LastUpgradeCheck = 0900;
				ORGANIZATIONNAME = Ivan_deng;
				TargetAttributes = {
					B474AABD1E8A2DF4007CD59A = {
						CreatedOnToolsVersion = 8.2.1;
						DevelopmentTeam = VSH7W5Y66V;
						LastSwiftMigration = 1430;
						ProvisioningStyle = Automatic;
					};
				};
			};
			buildConfigurationList = B474AAB91E8A2DF4007CD59A /* Build configuration list for PBXProject "MHP3RD" */;
			compatibilityVersion = "Xcode 3.2";
			developmentRegion = English;
			hasScannedForEncodings = 0;
			knownRegions = (
				English,
				en,
				Base,
			);
			mainGroup = B474AAB51E8A2DF4007CD59A;
			productRefGroup = B474AABF1E8A2DF4007CD59A /* Products */;
			projectDirPath = "";
			projectRoot = "";
			targets = (
				B474AABD1E8A2DF4007CD59A /* MHP3RD */,
			);
		};
/* End PBXProject section */

/* Begin PBXResourcesBuildPhase section */
		B474AABC1E8A2DF4007CD59A /* Resources */ = {
			isa = PBXResourcesBuildPhase;
			buildActionMask = 2147483647;
			files = (
				B474AAD11E8A2DF4007CD59A /* LaunchScreen.storyboard in Resources */,
				B474AAFB1E8A2F3C007CD59A /* weapon.plist in Resources */,
				B474AAF31E8A2F3C007CD59A /* Monster.plist in Resources */,
				B4EEE0AD1E94D30F00B63A01 /* guildlow.plist in Resources */,
				B43F2C561E8B92C500E30853 /* Assets.xcassets in Resources */,
				B4EEE0AF1E94D32800B63A01 /* guildhigh.plist in Resources */,
				B474AAF91E8A2F3C007CD59A /* quest.plist in Resources */,
			);
			runOnlyForDeploymentPostprocessing = 0;
		};
/* End PBXResourcesBuildPhase section */

/* Begin PBXShellScriptBuildPhase section */
		478E8770E06A55255F9030B2 /* [CP] Check Pods Manifest.lock */ = {
			isa = PBXShellScriptBuildPhase;
			buildActionMask = 2147483647;
			files = (
			);
			inputFileListPaths = (
			);
			inputPaths = (
				"${PODS_PODFILE_DIR_PATH}/Podfile.lock",
				"${PODS_ROOT}/Manifest.lock",
			);
			name = "[CP] Check Pods Manifest.lock";
			outputFileListPaths = (
			);
			outputPaths = (
				"$(DERIVED_FILE_DIR)/Pods-MHP3RD-checkManifestLockResult.txt",
			);
			runOnlyForDeploymentPostprocessing = 0;
			shellPath = /bin/sh;
			shellScript = "diff \"${PODS_PODFILE_DIR_PATH}/Podfile.lock\" \"${PODS_ROOT}/Manifest.lock\" > /dev/null\nif [ $? != 0 ] ; then\n    # print error to STDERR\n    echo \"error: The sandbox is not in sync with the Podfile.lock. Run 'pod install' or update your CocoaPods installation.\" >&2\n    exit 1\nfi\n# This output is used by Xcode 'outputs' to avoid re-running this script phase.\necho \"SUCCESS\" > \"${SCRIPT_OUTPUT_FILE_0}\"\n";
			showEnvVarsInLog = 0;
		};
/* End PBXShellScriptBuildPhase section */

/* Begin PBXSourcesBuildPhase section */
		B474AABA1E8A2DF4007CD59A /* Sources */ = {
			isa = PBXSourcesBuildPhase;
			buildActionMask = 2147483647;
			files = (
				352397302A3A136D0046A201 /* Quest.swift in Sources */,
				35C5543D2A346BA10028D11E /* CustomPlistReader.swift in Sources */,
				352397322A3CB37A0046A201 /* QuestBriefViewController.swift in Sources */,
				B474AB301E8A3009007CD59A /* MapScrollerViewController.m in Sources */,
				35C2C5C02A1107AC0029C1B3 /* SwiftyBeaverBridge.swift in Sources */,
				B474AB2D1E8A3009007CD59A /* ArmouryViewController.m in Sources */,
				B474AAF51E8A2F3C007CD59A /* PlistManager.m in Sources */,
				B474AB081E8A2FE0007CD59A /* Communicator.m in Sources */,
				B474AB361E8A3009007CD59A /* QuestViewController.m in Sources */,
				35446FE72A360F0400C69143 /* Weapon.swift in Sources */,
				B474AB2E1E8A3009007CD59A /* WeaponDetailViewViewController.m in Sources */,
				B474AAF01E8A2F3C007CD59A /* CoreDataManager.m in Sources */,
				B474AAF11E8A2F3C007CD59A /* HunterProfile.m in Sources */,
				B474AAFA1E8A2F3C007CD59A /* QuestInfo.m in Sources */,
				B474AB341E8A3009007CD59A /* MoreDetailViewController.m in Sources */,
				35BCA6272201829B00721CC9 /* AboutViewController.m in Sources */,
				B474AAC61E8A2DF4007CD59A /* AppDelegate.m in Sources */,
				352397342A3D9A120046A201 /* QuestIndexViewController.swift in Sources */,
				B474AAFC1E8A2F3C007CD59A /* WeaponInfo.m in Sources */,
				35C554442A34755B0028D11E /* Monster.swift in Sources */,
				B43F2C5B1E8BB11400E30853 /* ProfileAddViewController.m in Sources */,
				B474AAC31E8A2DF4007CD59A /* main.m in Sources */,
				B474AAF61E8A2F3C007CD59A /* ProfileDataAssistObject.m in Sources */,
				B474AB2A1E8A3009007CD59A /* OLDAboutViewController.m in Sources */,
				B4EEE0BA1E9E0DD400B63A01 /* HP+CoreDataClass.m in Sources */,
				B40F9F272000FB6700604D98 /* ProfileViewController.m in Sources */,
				B474AB2F1E8A3009007CD59A /* MapDetailViewController.m in Sources */,
				B474AB351E8A3009007CD59A /* QuestDetailTableViewController.m in Sources */,
				B4EEE0BB1E9E0DD400B63A01 /* HP+CoreDataProperties.m in Sources */,
				B48761D11F6B69EC00174FEA /* WebViewController.m in Sources */,
				35446FEB2A36140100C69143 /* WeaponInfoViewController.swift in Sources */,
				35C554462A349AB90028D11E /* MonsterInfoViewController.swift in Sources */,
				35978B9C2A2C84DB00327CFC /* MHPTabBarController.swift in Sources */,
				35C554452A349AB40028D11E /* MonsterListViewController.swift in Sources */,
				35446FE92A36129C00C69143 /* WeaponListViewController.swift in Sources */,
				B474AAF21E8A2F3C007CD59A /* HunterProfile.xcdatamodeld in Sources */,
				3523972E2A3A10CA0046A201 /* QuestListViewController.swift in Sources */,
			);
			runOnlyForDeploymentPostprocessing = 0;
		};
/* End PBXSourcesBuildPhase section */

/* Begin PBXVariantGroup section */
		B474AACF1E8A2DF4007CD59A /* LaunchScreen.storyboard */ = {
			isa = PBXVariantGroup;
			children = (
				B474AAD01E8A2DF4007CD59A /* Base */,
			);
			name = LaunchScreen.storyboard;
			sourceTree = "<group>";
		};
/* End PBXVariantGroup section */

/* Begin XCBuildConfiguration section */
		B474AAD31E8A2DF4007CD59A /* Debug */ = {
			isa = XCBuildConfiguration;
			buildSettings = {
				ALWAYS_SEARCH_USER_PATHS = NO;
				CLANG_ANALYZER_NONNULL = YES;
				CLANG_CXX_LANGUAGE_STANDARD = "gnu++0x";
				CLANG_CXX_LIBRARY = "libc++";
				CLANG_ENABLE_MODULES = YES;
				CLANG_ENABLE_OBJC_ARC = YES;
				CLANG_WARN_BLOCK_CAPTURE_AUTORELEASING = YES;
				CLANG_WARN_BOOL_CONVERSION = YES;
				CLANG_WARN_COMMA = YES;
				CLANG_WARN_CONSTANT_CONVERSION = YES;
				CLANG_WARN_DIRECT_OBJC_ISA_USAGE = YES_ERROR;
				CLANG_WARN_DOCUMENTATION_COMMENTS = YES;
				CLANG_WARN_EMPTY_BODY = YES;
				CLANG_WARN_ENUM_CONVERSION = YES;
				CLANG_WARN_INFINITE_RECURSION = YES;
				CLANG_WARN_INT_CONVERSION = YES;
				CLANG_WARN_NON_LITERAL_NULL_CONVERSION = YES;
				CLANG_WARN_OBJC_LITERAL_CONVERSION = YES;
				CLANG_WARN_OBJC_ROOT_CLASS = YES_ERROR;
				CLANG_WARN_RANGE_LOOP_ANALYSIS = YES;
				CLANG_WARN_STRICT_PROTOTYPES = YES;
				CLANG_WARN_SUSPICIOUS_MOVE = YES;
				CLANG_WARN_UNREACHABLE_CODE = YES;
				CLANG_WARN__DUPLICATE_METHOD_MATCH = YES;
				"CODE_SIGN_IDENTITY[sdk=iphoneos*]" = "iPhone Developer";
				COPY_PHASE_STRIP = NO;
				DEBUG_INFORMATION_FORMAT = dwarf;
				ENABLE_STRICT_OBJC_MSGSEND = YES;
				ENABLE_TESTABILITY = YES;
				GCC_C_LANGUAGE_STANDARD = gnu99;
				GCC_DYNAMIC_NO_PIC = NO;
				GCC_NO_COMMON_BLOCKS = YES;
				GCC_OPTIMIZATION_LEVEL = 0;
				GCC_PREPROCESSOR_DEFINITIONS = (
					"DEBUG=1",
					"$(inherited)",
				);
				GCC_WARN_64_TO_32_BIT_CONVERSION = YES;
				GCC_WARN_ABOUT_RETURN_TYPE = YES_ERROR;
				GCC_WARN_UNDECLARED_SELECTOR = YES;
				GCC_WARN_UNINITIALIZED_AUTOS = YES_AGGRESSIVE;
				GCC_WARN_UNUSED_FUNCTION = YES;
				GCC_WARN_UNUSED_VARIABLE = YES;
				IPHONEOS_DEPLOYMENT_TARGET = 12.0;
				MTL_ENABLE_DEBUG_INFO = YES;
				ONLY_ACTIVE_ARCH = YES;
				SDKROOT = iphoneos;
				TARGETED_DEVICE_FAMILY = "1,2";
			};
			name = Debug;
		};
		B474AAD41E8A2DF4007CD59A /* Release */ = {
			isa = XCBuildConfiguration;
			buildSettings = {
				ALWAYS_SEARCH_USER_PATHS = NO;
				CLANG_ANALYZER_NONNULL = YES;
				CLANG_CXX_LANGUAGE_STANDARD = "gnu++0x";
				CLANG_CXX_LIBRARY = "libc++";
				CLANG_ENABLE_MODULES = YES;
				CLANG_ENABLE_OBJC_ARC = YES;
				CLANG_WARN_BLOCK_CAPTURE_AUTORELEASING = YES;
				CLANG_WARN_BOOL_CONVERSION = YES;
				CLANG_WARN_COMMA = YES;
				CLANG_WARN_CONSTANT_CONVERSION = YES;
				CLANG_WARN_DIRECT_OBJC_ISA_USAGE = YES_ERROR;
				CLANG_WARN_DOCUMENTATION_COMMENTS = YES;
				CLANG_WARN_EMPTY_BODY = YES;
				CLANG_WARN_ENUM_CONVERSION = YES;
				CLANG_WARN_INFINITE_RECURSION = YES;
				CLANG_WARN_INT_CONVERSION = YES;
				CLANG_WARN_NON_LITERAL_NULL_CONVERSION = YES;
				CLANG_WARN_OBJC_LITERAL_CONVERSION = YES;
				CLANG_WARN_OBJC_ROOT_CLASS = YES_ERROR;
				CLANG_WARN_RANGE_LOOP_ANALYSIS = YES;
				CLANG_WARN_STRICT_PROTOTYPES = YES;
				CLANG_WARN_SUSPICIOUS_MOVE = YES;
				CLANG_WARN_UNREACHABLE_CODE = YES;
				CLANG_WARN__DUPLICATE_METHOD_MATCH = YES;
				"CODE_SIGN_IDENTITY[sdk=iphoneos*]" = "iPhone Developer";
				COPY_PHASE_STRIP = NO;
				DEBUG_INFORMATION_FORMAT = "dwarf-with-dsym";
				ENABLE_NS_ASSERTIONS = NO;
				ENABLE_STRICT_OBJC_MSGSEND = YES;
				GCC_C_LANGUAGE_STANDARD = gnu99;
				GCC_NO_COMMON_BLOCKS = YES;
				GCC_WARN_64_TO_32_BIT_CONVERSION = YES;
				GCC_WARN_ABOUT_RETURN_TYPE = YES_ERROR;
				GCC_WARN_UNDECLARED_SELECTOR = YES;
				GCC_WARN_UNINITIALIZED_AUTOS = YES_AGGRESSIVE;
				GCC_WARN_UNUSED_FUNCTION = YES;
				GCC_WARN_UNUSED_VARIABLE = YES;
				IPHONEOS_DEPLOYMENT_TARGET = 12.0;
				MTL_ENABLE_DEBUG_INFO = NO;
				SDKROOT = iphoneos;
				TARGETED_DEVICE_FAMILY = "1,2";
				VALIDATE_PRODUCT = YES;
			};
			name = Release;
		};
		B474AAD61E8A2DF4007CD59A /* Debug */ = {
			isa = XCBuildConfiguration;
			baseConfigurationReference = 5EA6B0E79FCCDD49F63A9D77 /* Pods-MHP3RD.debug.xcconfig */;
			buildSettings = {
				ASSETCATALOG_COMPILER_APPICON_NAME = AppIcon;
				ASSETCATALOG_COMPILER_LAUNCHIMAGE_NAME = "";
				CLANG_ENABLE_MODULES = YES;
				CODE_SIGN_IDENTITY = "iPhone Developer";
				"CODE_SIGN_IDENTITY[sdk=iphoneos*]" = "iPhone Developer";
				DEVELOPMENT_TEAM = VSH7W5Y66V;
				FRAMEWORK_SEARCH_PATHS = "$(inherited)";
				GCC_PRECOMPILE_PREFIX_HEADER = YES;
				GCC_PREFIX_HEADER = "$(SRCROOT)/MHP3RD/PrefixHeader.pch";
				INFOPLIST_FILE = MHP3RD/Info.plist;
				INFOPLIST_KEY_UILaunchScreen_Generation = YES;
				INFOPLIST_KEY_UILaunchStoryboardName = LaunchScreen;
				IPHONEOS_DEPLOYMENT_TARGET = 12.4;
				LD_RUNPATH_SEARCH_PATHS = "$(inherited) @executable_path/Frameworks";
				LIBRARY_SEARCH_PATHS = "$(inherited)";
				PRODUCT_BUNDLE_IDENTIFIER = Misery.MHP3RD;
				PRODUCT_NAME = "$(TARGET_NAME)";
				SWIFT_OBJC_BRIDGING_HEADER = "MHP3RD/MHP3RD-Bridging-Header.h";
				SWIFT_OPTIMIZATION_LEVEL = "-Onone";
				SWIFT_VERSION = 5.0;
				TARGETED_DEVICE_FAMILY = 1;
			};
			name = Debug;
		};
		B474AAD71E8A2DF4007CD59A /* Release */ = {
			isa = XCBuildConfiguration;
			baseConfigurationReference = 2CE3095C400AD09B73B0B646 /* Pods-MHP3RD.release.xcconfig */;
			buildSettings = {
				ASSETCATALOG_COMPILER_APPICON_NAME = AppIcon;
				ASSETCATALOG_COMPILER_LAUNCHIMAGE_NAME = "";
				CLANG_ENABLE_MODULES = YES;
				CODE_SIGN_IDENTITY = "iPhone Developer";
				DEVELOPMENT_TEAM = VSH7W5Y66V;
				FRAMEWORK_SEARCH_PATHS = "$(inherited)";
				GCC_PRECOMPILE_PREFIX_HEADER = YES;
				GCC_PREFIX_HEADER = "$(SRCROOT)/MHP3RD/PrefixHeader.pch";
				INFOPLIST_FILE = MHP3RD/Info.plist;
				INFOPLIST_KEY_UILaunchScreen_Generation = YES;
				INFOPLIST_KEY_UILaunchStoryboardName = LaunchScreen;
				IPHONEOS_DEPLOYMENT_TARGET = 12.4;
				LD_RUNPATH_SEARCH_PATHS = "$(inherited) @executable_path/Frameworks";
				LIBRARY_SEARCH_PATHS = "$(inherited)";
				PRODUCT_BUNDLE_IDENTIFIER = Misery.MHP3RD;
				PRODUCT_NAME = "$(TARGET_NAME)";
				SWIFT_OBJC_BRIDGING_HEADER = "MHP3RD/MHP3RD-Bridging-Header.h";
				SWIFT_VERSION = 5.0;
				TARGETED_DEVICE_FAMILY = 1;
			};
			name = Release;
		};
/* End XCBuildConfiguration section */

/* Begin XCConfigurationList section */
		B474AAB91E8A2DF4007CD59A /* Build configuration list for PBXProject "MHP3RD" */ = {
			isa = XCConfigurationList;
			buildConfigurations = (
				B474AAD31E8A2DF4007CD59A /* Debug */,
				B474AAD41E8A2DF4007CD59A /* Release */,
			);
			defaultConfigurationIsVisible = 0;
			defaultConfigurationName = Release;
		};
		B474AAD51E8A2DF4007CD59A /* Build configuration list for PBXNativeTarget "MHP3RD" */ = {
			isa = XCConfigurationList;
			buildConfigurations = (
				B474AAD61E8A2DF4007CD59A /* Debug */,
				B474AAD71E8A2DF4007CD59A /* Release */,
			);
			defaultConfigurationIsVisible = 0;
			defaultConfigurationName = Release;
		};
/* End XCConfigurationList section */

/* Begin XCVersionGroup section */
		B474AADC1E8A2F3C007CD59A /* HunterProfile.xcdatamodeld */ = {
			isa = XCVersionGroup;
			children = (
				B474AADD1E8A2F3C007CD59A /* HunterProfile.xcdatamodel */,
			);
			currentVersion = B474AADD1E8A2F3C007CD59A /* HunterProfile.xcdatamodel */;
			name = HunterProfile.xcdatamodeld;
			path = DataBaseDao/HunterProfile.xcdatamodeld;
			sourceTree = "<group>";
			versionGroupType = wrapper.xcdatamodel;
		};
/* End XCVersionGroup section */
	};
	rootObject = B474AAB61E8A2DF4007CD59A /* Project object */;
}
